// !$*UTF8*$!
{
	archiveVersion = 1;
	classes = {
	};
	objectVersion = 46;
	objects = {

/* Begin PBXBuildFile section */
		4990E4791A2BCC7800E488F9 /* CreatePuzzleViewController.swift in Sources */ = {isa = PBXBuildFile; fileRef = 4990E4781A2BCC7800E488F9 /* CreatePuzzleViewController.swift */; };
		4990E47B1A2BCC9100E488F9 /* PlayPuzzleViewController.swift in Sources */ = {isa = PBXBuildFile; fileRef = 4990E47A1A2BCC9100E488F9 /* PlayPuzzleViewController.swift */; };
		4990E4851A2BE1E100E488F9 /* GalleryTableViewController.swift in Sources */ = {isa = PBXBuildFile; fileRef = 4990E4841A2BE1E100E488F9 /* GalleryTableViewController.swift */; };
		4990E4871A2BE54C00E488F9 /* GalleryTableViewCell.swift in Sources */ = {isa = PBXBuildFile; fileRef = 4990E4861A2BE54C00E488F9 /* GalleryTableViewCell.swift */; };
		49C0158E1A2BC2EC0055F0E9 /* AppDelegate.swift in Sources */ = {isa = PBXBuildFile; fileRef = 49C0158D1A2BC2EC0055F0E9 /* AppDelegate.swift */; };
		49C015901A2BC2EC0055F0E9 /* ViewController.swift in Sources */ = {isa = PBXBuildFile; fileRef = 49C0158F1A2BC2EC0055F0E9 /* ViewController.swift */; };
		49C015931A2BC2EC0055F0E9 /* Main.storyboard in Resources */ = {isa = PBXBuildFile; fileRef = 49C015911A2BC2EC0055F0E9 /* Main.storyboard */; };
		49C015951A2BC2EC0055F0E9 /* Images.xcassets in Resources */ = {isa = PBXBuildFile; fileRef = 49C015941A2BC2EC0055F0E9 /* Images.xcassets */; };
		49C015981A2BC2EC0055F0E9 /* LaunchScreen.xib in Resources */ = {isa = PBXBuildFile; fileRef = 49C015961A2BC2EC0055F0E9 /* LaunchScreen.xib */; };
		49C015A41A2BC2EC0055F0E9 /* PictoPuzzleTests.swift in Sources */ = {isa = PBXBuildFile; fileRef = 49C015A31A2BC2EC0055F0E9 /* PictoPuzzleTests.swift */; };
		49C84BE31A2C30DF000CD307 /* TileView.swift in Sources */ = {isa = PBXBuildFile; fileRef = 49C84BE21A2C30DF000CD307 /* TileView.swift */; };
		49D0D7EF1A2CDAF800B82C4E /* puppy.jpg in Resources */ = {isa = PBXBuildFile; fileRef = 49D0D7EE1A2CDAF800B82C4E /* puppy.jpg */; };
/* End PBXBuildFile section */

/* Begin PBXContainerItemProxy section */
		49C0159E1A2BC2EC0055F0E9 /* PBXContainerItemProxy */ = {
			isa = PBXContainerItemProxy;
			containerPortal = 49C015801A2BC2EC0055F0E9 /* Project object */;
			proxyType = 1;
			remoteGlobalIDString = 49C015871A2BC2EC0055F0E9;
			remoteInfo = PictoPuzzle;
		};
/* End PBXContainerItemProxy section */

/* Begin PBXFileReference section */
		4990E4781A2BCC7800E488F9 /* CreatePuzzleViewController.swift */ = {isa = PBXFileReference; fileEncoding = 4; lastKnownFileType = sourcecode.swift; path = CreatePuzzleViewController.swift; sourceTree = "<group>"; };
		4990E47A1A2BCC9100E488F9 /* PlayPuzzleViewController.swift */ = {isa = PBXFileReference; fileEncoding = 4; lastKnownFileType = sourcecode.swift; path = PlayPuzzleViewController.swift; sourceTree = "<group>"; };
		4990E4841A2BE1E100E488F9 /* GalleryTableViewController.swift */ = {isa = PBXFileReference; fileEncoding = 4; lastKnownFileType = sourcecode.swift; path = GalleryTableViewController.swift; sourceTree = "<group>"; };
		4990E4861A2BE54C00E488F9 /* GalleryTableViewCell.swift */ = {isa = PBXFileReference; fileEncoding = 4; lastKnownFileType = sourcecode.swift; path = GalleryTableViewCell.swift; sourceTree = "<group>"; };
		49C015881A2BC2EC0055F0E9 /* PictoPuzzle.app */ = {isa = PBXFileReference; explicitFileType = wrapper.application; includeInIndex = 0; path = PictoPuzzle.app; sourceTree = BUILT_PRODUCTS_DIR; };
		49C0158C1A2BC2EC0055F0E9 /* Info.plist */ = {isa = PBXFileReference; lastKnownFileType = text.plist.xml; path = Info.plist; sourceTree = "<group>"; };
		49C0158D1A2BC2EC0055F0E9 /* AppDelegate.swift */ = {isa = PBXFileReference; lastKnownFileType = sourcecode.swift; path = AppDelegate.swift; sourceTree = "<group>"; };
		49C0158F1A2BC2EC0055F0E9 /* ViewController.swift */ = {isa = PBXFileReference; lastKnownFileType = sourcecode.swift; path = ViewController.swift; sourceTree = "<group>"; };
		49C015921A2BC2EC0055F0E9 /* Base */ = {isa = PBXFileReference; lastKnownFileType = file.storyboard; name = Base; path = Base.lproj/Main.storyboard; sourceTree = "<group>"; };
		49C015941A2BC2EC0055F0E9 /* Images.xcassets */ = {isa = PBXFileReference; lastKnownFileType = folder.assetcatalog; path = Images.xcassets; sourceTree = "<group>"; };
		49C015971A2BC2EC0055F0E9 /* Base */ = {isa = PBXFileReference; lastKnownFileType = file.xib; name = Base; path = Base.lproj/LaunchScreen.xib; sourceTree = "<group>"; };
		49C0159D1A2BC2EC0055F0E9 /* PictoPuzzleTests.xctest */ = {isa = PBXFileReference; explicitFileType = wrapper.cfbundle; includeInIndex = 0; path = PictoPuzzleTests.xctest; sourceTree = BUILT_PRODUCTS_DIR; };
		49C015A21A2BC2EC0055F0E9 /* Info.plist */ = {isa = PBXFileReference; lastKnownFileType = text.plist.xml; path = Info.plist; sourceTree = "<group>"; };
		49C015A31A2BC2EC0055F0E9 /* PictoPuzzleTests.swift */ = {isa = PBXFileReference; lastKnownFileType = sourcecode.swift; path = PictoPuzzleTests.swift; sourceTree = "<group>"; };
		49C84BE21A2C30DF000CD307 /* TileView.swift */ = {isa = PBXFileReference; fileEncoding = 4; lastKnownFileType = sourcecode.swift; path = TileView.swift; sourceTree = "<group>"; };
		49D0D7EE1A2CDAF800B82C4E /* puppy.jpg */ = {isa = PBXFileReference; lastKnownFileType = image.jpeg; name = puppy.jpg; path = ../../../Downloads/puppy.jpg; sourceTree = "<group>"; };
/* End PBXFileReference section */

/* Begin PBXFrameworksBuildPhase section */
		49C015851A2BC2EC0055F0E9 /* Frameworks */ = {
			isa = PBXFrameworksBuildPhase;
			buildActionMask = 2147483647;
			files = (
			);
			runOnlyForDeploymentPostprocessing = 0;
		};
		49C0159A1A2BC2EC0055F0E9 /* Frameworks */ = {
			isa = PBXFrameworksBuildPhase;
			buildActionMask = 2147483647;
			files = (
			);
			runOnlyForDeploymentPostprocessing = 0;
		};
/* End PBXFrameworksBuildPhase section */

/* Begin PBXGroup section */
		49C0157F1A2BC2EC0055F0E9 = {
			isa = PBXGroup;
			children = (
				49C0158A1A2BC2EC0055F0E9 /* PictoPuzzle */,
				49C015A01A2BC2EC0055F0E9 /* PictoPuzzleTests */,
				49C015891A2BC2EC0055F0E9 /* Products */,
			);
			sourceTree = "<group>";
		};
		49C015891A2BC2EC0055F0E9 /* Products */ = {
			isa = PBXGroup;
			children = (
				49C015881A2BC2EC0055F0E9 /* PictoPuzzle.app */,
				49C0159D1A2BC2EC0055F0E9 /* PictoPuzzleTests.xctest */,
			);
			name = Products;
			sourceTree = "<group>";
		};
		49C0158A1A2BC2EC0055F0E9 /* PictoPuzzle */ = {
			isa = PBXGroup;
			children = (
				49D0D7EE1A2CDAF800B82C4E /* puppy.jpg */,
				49C0158D1A2BC2EC0055F0E9 /* AppDelegate.swift */,
				49C0158F1A2BC2EC0055F0E9 /* ViewController.swift */,
				49C015911A2BC2EC0055F0E9 /* Main.storyboard */,
				4990E4841A2BE1E100E488F9 /* GalleryTableViewController.swift */,
				4990E4861A2BE54C00E488F9 /* GalleryTableViewCell.swift */,
				49C84BE21A2C30DF000CD307 /* TileView.swift */,
				4990E47A1A2BCC9100E488F9 /* PlayPuzzleViewController.swift */,
				4990E4781A2BCC7800E488F9 /* CreatePuzzleViewController.swift */,
				49C015941A2BC2EC0055F0E9 /* Images.xcassets */,
				49C015961A2BC2EC0055F0E9 /* LaunchScreen.xib */,
				49C0158B1A2BC2EC0055F0E9 /* Supporting Files */,
			);
			path = PictoPuzzle;
			sourceTree = "<group>";
		};
		49C0158B1A2BC2EC0055F0E9 /* Supporting Files */ = {
			isa = PBXGroup;
			children = (
				49C0158C1A2BC2EC0055F0E9 /* Info.plist */,
			);
			name = "Supporting Files";
			sourceTree = "<group>";
		};
		49C015A01A2BC2EC0055F0E9 /* PictoPuzzleTests */ = {
			isa = PBXGroup;
			children = (
				49C015A31A2BC2EC0055F0E9 /* PictoPuzzleTests.swift */,
				49C015A11A2BC2EC0055F0E9 /* Supporting Files */,
			);
			path = PictoPuzzleTests;
			sourceTree = "<group>";
		};
		49C015A11A2BC2EC0055F0E9 /* Supporting Files */ = {
			isa = PBXGroup;
			children = (
				49C015A21A2BC2EC0055F0E9 /* Info.plist */,
			);
			name = "Supporting Files";
			sourceTree = "<group>";
		};
/* End PBXGroup section */

/* Begin PBXNativeTarget section */
		49C015871A2BC2EC0055F0E9 /* PictoPuzzle */ = {
			isa = PBXNativeTarget;
			buildConfigurationList = 49C015A71A2BC2EC0055F0E9 /* Build configuration list for PBXNativeTarget "PictoPuzzle" */;
			buildPhases = (
				49C015841A2BC2EC0055F0E9 /* Sources */,
				49C015851A2BC2EC0055F0E9 /* Frameworks */,
				49C015861A2BC2EC0055F0E9 /* Resources */,
			);
			buildRules = (
			);
			dependencies = (
			);
			name = PictoPuzzle;
			productName = PictoPuzzle;
			productReference = 49C015881A2BC2EC0055F0E9 /* PictoPuzzle.app */;
			productType = "com.apple.product-type.application";
		};
		49C0159C1A2BC2EC0055F0E9 /* PictoPuzzleTests */ = {
			isa = PBXNativeTarget;
			buildConfigurationList = 49C015AA1A2BC2EC0055F0E9 /* Build configuration list for PBXNativeTarget "PictoPuzzleTests" */;
			buildPhases = (
				49C015991A2BC2EC0055F0E9 /* Sources */,
				49C0159A1A2BC2EC0055F0E9 /* Frameworks */,
				49C0159B1A2BC2EC0055F0E9 /* Resources */,
			);
			buildRules = (
			);
			dependencies = (
				49C0159F1A2BC2EC0055F0E9 /* PBXTargetDependency */,
			);
			name = PictoPuzzleTests;
			productName = PictoPuzzleTests;
			productReference = 49C0159D1A2BC2EC0055F0E9 /* PictoPuzzleTests.xctest */;
			productType = "com.apple.product-type.bundle.unit-test";
		};
/* End PBXNativeTarget section */

/* Begin PBXProject section */
		49C015801A2BC2EC0055F0E9 /* Project object */ = {
			isa = PBXProject;
			attributes = {
				LastUpgradeCheck = 0600;
				ORGANIZATIONNAME = "Anny Ni";
				TargetAttributes = {
					49C015871A2BC2EC0055F0E9 = {
						CreatedOnToolsVersion = 6.0.1;
					};
					49C0159C1A2BC2EC0055F0E9 = {
						CreatedOnToolsVersion = 6.0.1;
						TestTargetID = 49C015871A2BC2EC0055F0E9;
					};
				};
			};
			buildConfigurationList = 49C015831A2BC2EC0055F0E9 /* Build configuration list for PBXProject "PictoPuzzle" */;
			compatibilityVersion = "Xcode 3.2";
			developmentRegion = English;
			hasScannedForEncodings = 0;
			knownRegions = (
				en,
				Base,
			);
			mainGroup = 49C0157F1A2BC2EC0055F0E9;
			productRefGroup = 49C015891A2BC2EC0055F0E9 /* Products */;
			projectDirPath = "";
			projectRoot = "";
			targets = (
				49C015871A2BC2EC0055F0E9 /* PictoPuzzle */,
				49C0159C1A2BC2EC0055F0E9 /* PictoPuzzleTests */,
			);
		};
/* End PBXProject section */

/* Begin PBXResourcesBuildPhase section */
		49C015861A2BC2EC0055F0E9 /* Resources */ = {
			isa = PBXResourcesBuildPhase;
			buildActionMask = 2147483647;
			files = (
				49C015931A2BC2EC0055F0E9 /* Main.storyboard in Resources */,
				49D0D7EF1A2CDAF800B82C4E /* puppy.jpg in Resources */,
				49C015981A2BC2EC0055F0E9 /* LaunchScreen.xib in Resources */,
				49C015951A2BC2EC0055F0E9 /* Images.xcassets in Resources */,
			);
			runOnlyForDeploymentPostprocessing = 0;
		};
		49C0159B1A2BC2EC0055F0E9 /* Resources */ = {
			isa = PBXResourcesBuildPhase;
			buildActionMask = 2147483647;
			files = (
			);
			runOnlyForDeploymentPostprocessing = 0;
		};
/* End PBXResourcesBuildPhase section */

/* Begin PBXSourcesBuildPhase section */
		49C015841A2BC2EC0055F0E9 /* Sources */ = {
			isa = PBXSourcesBuildPhase;
			buildActionMask = 2147483647;
			files = (
				4990E4871A2BE54C00E488F9 /* GalleryTableViewCell.swift in Sources */,
				49C84BE31A2C30DF000CD307 /* TileView.swift in Sources */,
				4990E47B1A2BCC9100E488F9 /* PlayPuzzleViewController.swift in Sources */,
				49C015901A2BC2EC0055F0E9 /* ViewController.swift in Sources */,
				49C0158E1A2BC2EC0055F0E9 /* AppDelegate.swift in Sources */,
				4990E4791A2BCC7800E488F9 /* CreatePuzzleViewController.swift in Sources */,
				4990E4851A2BE1E100E488F9 /* GalleryTableViewController.swift in Sources */,
			);
			runOnlyForDeploymentPostprocessing = 0;
		};
		49C015991A2BC2EC0055F0E9 /* Sources */ = {
			isa = PBXSourcesBuildPhase;
			buildActionMask = 2147483647;
			files = (
				49C015A41A2BC2EC0055F0E9 /* PictoPuzzleTests.swift in Sources */,
			);
			runOnlyForDeploymentPostprocessing = 0;
		};
/* End PBXSourcesBuildPhase section */

/* Begin PBXTargetDependency section */
		49C0159F1A2BC2EC0055F0E9 /* PBXTargetDependency */ = {
			isa = PBXTargetDependency;
			target = 49C015871A2BC2EC0055F0E9 /* PictoPuzzle */;
			targetProxy = 49C0159E1A2BC2EC0055F0E9 /* PBXContainerItemProxy */;
		};
/* End PBXTargetDependency section */

/* Begin PBXVariantGroup section */
		49C015911A2BC2EC0055F0E9 /* Main.storyboard */ = {
			isa = PBXVariantGroup;
			children = (
				49C015921A2BC2EC0055F0E9 /* Base */,
			);
			name = Main.storyboard;
			sourceTree = "<group>";
		};
		49C015961A2BC2EC0055F0E9 /* LaunchScreen.xib */ = {
			isa = PBXVariantGroup;
			children = (
				49C015971A2BC2EC0055F0E9 /* Base */,
			);
			name = LaunchScreen.xib;
			sourceTree = "<group>";
		};
/* End PBXVariantGroup section */

/* Begin XCBuildConfiguration section */
		49C015A51A2BC2EC0055F0E9 /* Debug */ = {
			isa = XCBuildConfiguration;
			buildSettings = {
				ALWAYS_SEARCH_USER_PATHS = NO;
				CLANG_CXX_LANGUAGE_STANDARD = "gnu++0x";
				CLANG_CXX_LIBRARY = "libc++";
				CLANG_ENABLE_MODULES = YES;
				CLANG_ENABLE_OBJC_ARC = YES;
				CLANG_WARN_BOOL_CONVERSION = YES;
				CLANG_WARN_CONSTANT_CONVERSION = YES;
				CLANG_WARN_DIRECT_OBJC_ISA_USAGE = YES_ERROR;
				CLANG_WARN_EMPTY_BODY = YES;
				CLANG_WARN_ENUM_CONVERSION = YES;
				CLANG_WARN_INT_CONVERSION = YES;
				CLANG_WARN_OBJC_ROOT_CLASS = YES_ERROR;
				CLANG_WARN_UNREACHABLE_CODE = YES;
				CLANG_WARN__DUPLICATE_METHOD_MATCH = YES;
				"CODE_SIGN_IDENTITY[sdk=iphoneos*]" = "iPhone Developer";
				COPY_PHASE_STRIP = NO;
				ENABLE_STRICT_OBJC_MSGSEND = YES;
				GCC_C_LANGUAGE_STANDARD = gnu99;
				GCC_DYNAMIC_NO_PIC = NO;
				GCC_OPTIMIZATION_LEVEL = 0;
				GCC_PREPROCESSOR_DEFINITIONS = (
					"DEBUG=1",
					"$(inherited)",
				);
				GCC_SYMBOLS_PRIVATE_EXTERN = NO;
				GCC_WARN_64_TO_32_BIT_CONVERSION = YES;
				GCC_WARN_ABOUT_RETURN_TYPE = YES_ERROR;
				GCC_WARN_UNDECLARED_SELECTOR = YES;
				GCC_WARN_UNINITIALIZED_AUTOS = YES_AGGRESSIVE;
				GCC_WARN_UNUSED_FUNCTION = YES;
				GCC_WARN_UNUSED_VARIABLE = YES;
				IPHONEOS_DEPLOYMENT_TARGET = 8.0;
				MTL_ENABLE_DEBUG_INFO = YES;
				ONLY_ACTIVE_ARCH = YES;
				SDKROOT = iphoneos;
				SWIFT_OPTIMIZATION_LEVEL = "-Onone";
			};
			name = Debug;
		};
		49C015A61A2BC2EC0055F0E9 /* Release */ = {
			isa = XCBuildConfiguration;
			buildSettings = {
				ALWAYS_SEARCH_USER_PATHS = NO;
				CLANG_CXX_LANGUAGE_STANDARD = "gnu++0x";
				CLANG_CXX_LIBRARY = "libc++";
				CLANG_ENABLE_MODULES = YES;
				CLANG_ENABLE_OBJC_ARC = YES;
				CLANG_WARN_BOOL_CONVERSION = YES;
				CLANG_WARN_CONSTANT_CONVERSION = YES;
				CLANG_WARN_DIRECT_OBJC_ISA_USAGE = YES_ERROR;
				CLANG_WARN_EMPTY_BODY = YES;
				CLANG_WARN_ENUM_CONVERSION = YES;
				CLANG_WARN_INT_CONVERSION = YES;
				CLANG_WARN_OBJC_ROOT_CLASS = YES_ERROR;
				CLANG_WARN_UNREACHABLE_CODE = YES;
				CLANG_WARN__DUPLICATE_METHOD_MATCH = YES;
				"CODE_SIGN_IDENTITY[sdk=iphoneos*]" = "iPhone Developer";
				COPY_PHASE_STRIP = YES;
				ENABLE_NS_ASSERTIONS = NO;
				ENABLE_STRICT_OBJC_MSGSEND = YES;
				GCC_C_LANGUAGE_STANDARD = gnu99;
				GCC_WARN_64_TO_32_BIT_CONVERSION = YES;
				GCC_WARN_ABOUT_RETURN_TYPE = YES_ERROR;
				GCC_WARN_UNDECLARED_SELECTOR = YES;
				GCC_WARN_UNINITIALIZED_AUTOS = YES_AGGRESSIVE;
				GCC_WARN_UNUSED_FUNCTION = YES;
				GCC_WARN_UNUSED_VARIABLE = YES;
				IPHONEOS_DEPLOYMENT_TARGET = 8.0;
				MTL_ENABLE_DEBUG_INFO = NO;
				SDKROOT = iphoneos;
				VALIDATE_PRODUCT = YES;
			};
			name = Release;
		};
		49C015A81A2BC2EC0055F0E9 /* Debug */ = {
			isa = XCBuildConfiguration;
			buildSettings = {
				ASSETCATALOG_COMPILER_APPICON_NAME = AppIcon;
				INFOPLIST_FILE = PictoPuzzle/Info.plist;
				LD_RUNPATH_SEARCH_PATHS = "$(inherited) @executable_path/Frameworks";
				PRODUCT_NAME = "$(TARGET_NAME)";
			};
			name = Debug;
		};
		49C015A91A2BC2EC0055F0E9 /* Release */ = {
			isa = XCBuildConfiguration;
			buildSettings = {
				ASSETCATALOG_COMPILER_APPICON_NAME = AppIcon;
				INFOPLIST_FILE = PictoPuzzle/Info.plist;
				LD_RUNPATH_SEARCH_PATHS = "$(inherited) @executable_path/Frameworks";
				PRODUCT_NAME = "$(TARGET_NAME)";
			};
			name = Release;
		};
		49C015AB1A2BC2EC0055F0E9 /* Debug */ = {
			isa = XCBuildConfiguration;
			buildSettings = {
				BUNDLE_LOADER = "$(TEST_HOST)";
				FRAMEWORK_SEARCH_PATHS = (
					"$(SDKROOT)/Developer/Library/Frameworks",
					"$(inherited)",
				);
				GCC_PREPROCESSOR_DEFINITIONS = (
					"DEBUG=1",
					"$(inherited)",
				);
				INFOPLIST_FILE = PictoPuzzleTests/Info.plist;
				LD_RUNPATH_SEARCH_PATHS = "$(inherited) @executable_path/Frameworks @loader_path/Frameworks";
				PRODUCT_NAME = "$(TARGET_NAME)";
				TEST_HOST = "$(BUILT_PRODUCTS_DIR)/PictoPuzzle.app/PictoPuzzle";
			};
			name = Debug;
		};
		49C015AC1A2BC2EC0055F0E9 /* Release */ = {
			isa = XCBuildConfiguration;
			buildSettings = {
				BUNDLE_LOADER = "$(TEST_HOST)";
				FRAMEWORK_SEARCH_PATHS = (
					"$(SDKROOT)/Developer/Library/Frameworks",
					"$(inherited)",
				);
				INFOPLIST_FILE = PictoPuzzleTests/Info.plist;
				LD_RUNPATH_SEARCH_PATHS = "$(inherited) @executable_path/Frameworks @loader_path/Frameworks";
				PRODUCT_NAME = "$(TARGET_NAME)";
				TEST_HOST = "$(BUILT_PRODUCTS_DIR)/PictoPuzzle.app/PictoPuzzle";
			};
			name = Release;
		};
/* End XCBuildConfiguration section */

/* Begin XCConfigurationList section */
		49C015831A2BC2EC0055F0E9 /* Build configuration list for PBXProject "PictoPuzzle" */ = {
			isa = XCConfigurationList;
			buildConfigurations = (
				49C015A51A2BC2EC0055F0E9 /* Debug */,
				49C015A61A2BC2EC0055F0E9 /* Release */,
			);
			defaultConfigurationIsVisible = 0;
			defaultConfigurationName = Release;
		};
		49C015A71A2BC2EC0055F0E9 /* Build configuration list for PBXNativeTarget "PictoPuzzle" */ = {
			isa = XCConfigurationList;
			buildConfigurations = (
				49C015A81A2BC2EC0055F0E9 /* Debug */,
				49C015A91A2BC2EC0055F0E9 /* Release */,
			);
			defaultConfigurationIsVisible = 0;
			defaultConfigurationName = Release;
		};
		49C015AA1A2BC2EC0055F0E9 /* Build configuration list for PBXNativeTarget "PictoPuzzleTests" */ = {
			isa = XCConfigurationList;
			buildConfigurations = (
				49C015AB1A2BC2EC0055F0E9 /* Debug */,
				49C015AC1A2BC2EC0055F0E9 /* Release */,
			);
			defaultConfigurationIsVisible = 0;
			defaultConfigurationName = Release;
		};
/* End XCConfigurationList section */
	};
	rootObject = 49C015801A2BC2EC0055F0E9 /* Project object */;
}
